# This file is autogenerated, do not edit; changes may be undone by the next 'dep ensure'.


[[projects]]
  branch = "master"
  digest = "1:a7040488f0af3a9f2e982cedfc4c5b0140dfa5cc053e8c9b1927b9fa96411880"
  name = "github.com/LanfordCai/btcutil"
  packages = ["base58"]
  pruneopts = "UT"
  revision = "45fe1bf1fe4262592e9c21f445abb5d6b3fea276"

[[projects]]
  branch = "master"
  digest = "1:1d8e1cb71c33a9470bbbae09bfec09db43c6bf358dfcae13cd8807c4e2a9a2bf"
  name = "github.com/btcsuite/btcutil"
  packages = [
    "base58",
    "bech32",
  ]
  pruneopts = "UT"
  revision = "ab6388e0c60ae4834a1f57511e20c17b5f78be4b"

[[projects]]
  digest = "1:ffe9824d294da03b391f44e1ae8281281b4afc1bdaa9588c9097785e3af10cec"
  name = "github.com/davecgh/go-spew"
  packages = ["spew"]
  pruneopts = "UT"
  revision = "8991bc29aa16c548c550c7ff78260e27b9ab7c73"
  version = "v1.1.1"

[[projects]]
  digest = "1:62616ec4cdabd7bf09fb6ca7df32073965ac74dad578ab76f180920426755d88"
  name = "github.com/ethereum/go-ethereum"
  packages = ["crypto/sha3"]
  pruneopts = "UT"
  revision = "24d727b6d6e2c0cde222fa12155c4a6db5caaf2e"
  version = "v1.8.20"

[[projects]]
  digest = "1:0028cb19b2e4c3112225cd871870f2d9cf49b9b4276531f03438a88e94be86fe"
  name = "github.com/pmezard/go-difflib"
  packages = ["difflib"]
  pruneopts = "UT"
  revision = "792786c7400a136282c1664665ae0a8db921c6c2"
  version = "v1.0.0"

[[projects]]
  digest = "1:18752d0b95816a1b777505a97f71c7467a8445b8ffb55631a7bf779f6ba4fa83"
  name = "github.com/stretchr/testify"
  packages = ["assert"]
  pruneopts = "UT"
  revision = "f35b8ab0b5a2cef36673838d662e249dd9c94686"
  version = "v1.2.2"

[[projects]]
  branch = "master"
  digest = "1:8db39ece54390c0808fc3822518339fd8dfdceb27e088485998fe5cd0ba0acd7"
  name = "golang.org/x/crypto"
  packages = ["blake2b"]
  pruneopts = "UT"
  revision = "505ab145d0a99da450461ae2c1a9f6cd10d1f447"

[[projects]]
  branch = "master"
  digest = "1:c19ae27d30b61c60cd23366dd6fd0ae953026ac5e71976ff4870af6b6f58b832"
  name = "golang.org/x/sys"
  packages = ["cpu"]
  pruneopts = "UT"
  revision = "4d1cda033e0619309c606fc686de3adcf599539e"

[solve-meta]
  analyzer-name = "dep"
  analyzer-version = 1
  input-imports = [
    "github.com/LanfordCai/btcutil/base58",
    "github.com/btcsuite/btcutil/base58",
    "github.com/btcsuite/btcutil/bech32",
    "github.com/ethereum/go-ethereum/crypto/sha3",
    "github.com/stretchr/testify/assert",
    "golang.org/x/crypto/blake2b",
  ]
  solver-name = "gps-cdcl"
  solver-version = 1
